// !$*UTF8*$!
{
	archiveVersion = 1;
	classes = {
	};
	objectVersion = 45;
	objects = {

/* Begin PBXBuildFile section */
<<<<<<< .mine
		526266541020DFBF005A7E88 /* Box.m in Sources */ = {isa = PBXBuildFile; fileRef = 526266531020DFBF005A7E88 /* Box.m */; };
		5262673C1021EE21005A7E88 /* SelectedEvent.mm in Sources */ = {isa = PBXBuildFile; fileRef = 5262673B1021EE21005A7E88 /* SelectedEvent.mm */; };
		52626814102220D5005A7E88 /* LogDoc.m in Sources */ = {isa = PBXBuildFile; fileRef = 52626813102220D5005A7E88 /* LogDoc.m */; };
		5262681F1022337C005A7E88 /* GroupFilter.m in Sources */ = {isa = PBXBuildFile; fileRef = 5262681E1022337C005A7E88 /* GroupFilter.m */; };
		526268F710233FAB005A7E88 /* VProcMaps.mm in Sources */ = {isa = PBXBuildFile; fileRef = 526268F610233FAB005A7E88 /* VProcMaps.mm */; };
=======
		52917ED2101E142E0053F9EF /* ObjCGroup.mm in Sources */ = {isa = PBXBuildFile; fileRef = 52917ED1101E142E0053F9EF /* ObjCGroup.mm */; };
		52917ED8101E147D0053F9EF /* ObjCEventGroup.mm in Sources */ = {isa = PBXBuildFile; fileRef = 52917ED7101E147D0053F9EF /* ObjCEventGroup.mm */; };
>>>>>>> .r4014
		52917EE7101E34330053F9EF /* OutlineViewDataSource.mm in Sources */ = {isa = PBXBuildFile; fileRef = 52917EE6101E34330053F9EF /* OutlineViewDataSource.mm */; };
		52DC843D101F8F33008ED77F /* ObjCStateGroup.mm in Sources */ = {isa = PBXBuildFile; fileRef = 52DC843C101F8F33008ED77F /* ObjCStateGroup.mm */; };
		52DC8443101F8F52008ED77F /* ObjCIntervalGroup.mm in Sources */ = {isa = PBXBuildFile; fileRef = 52DC8442101F8F52008ED77F /* ObjCIntervalGroup.mm */; };
		52DC8480101F906D008ED77F /* StaticEvent.mm in Sources */ = {isa = PBXBuildFile; fileRef = 52DC847F101F906D008ED77F /* StaticEvent.mm */; };
		52DC8562101FAF79008ED77F /* ObjCDependentGroup.mm in Sources */ = {isa = PBXBuildFile; fileRef = 52DC8561101FAF79008ED77F /* ObjCDependentGroup.mm */; };
		52E798241007C6790031A217 /* event-desc.cxx in Sources */ = {isa = PBXBuildFile; fileRef = 52E797BD1007C6790031A217 /* event-desc.cxx */; };
		52E7985C1007C6790031A217 /* json.c in Sources */ = {isa = PBXBuildFile; fileRef = 52E797F71007C6790031A217 /* json.c */; };
		52E7985D1007C6790031A217 /* JSON_parser.c in Sources */ = {isa = PBXBuildFile; fileRef = 52E797F91007C6790031A217 /* JSON_parser.c */; };
		52E7985E1007C6790031A217 /* JSON_parser.h.gch in Resources */ = {isa = PBXBuildFile; fileRef = 52E797FB1007C6790031A217 /* JSON_parser.h.gch */; };
		52E7987F1007C6790031A217 /* load-log-desc.cxx in Sources */ = {isa = PBXBuildFile; fileRef = 52E7981D1007C6790031A217 /* load-log-desc.cxx */; };
		52E798801007C6790031A217 /* log-desc.cxx in Sources */ = {isa = PBXBuildFile; fileRef = 52E7981E1007C6790031A217 /* log-desc.cxx */; };
		52F07A7E101A0A32009401D2 /* VProc.mm in Sources */ = {isa = PBXBuildFile; fileRef = 52F07A52101A0A32009401D2 /* VProc.mm */; };
		52F07A7F101A0A32009401D2 /* LogData.mm in Sources */ = {isa = PBXBuildFile; fileRef = 52F07A54101A0A32009401D2 /* LogData.mm */; };
		52F07A80101A0A32009401D2 /* LogView.mm in Sources */ = {isa = PBXBuildFile; fileRef = 52F07A56101A0A32009401D2 /* LogView.mm */; };
		52F07A81101A0A32009401D2 /* CustomSplitView.m in Sources */ = {isa = PBXBuildFile; fileRef = 52F07A5B101A0A32009401D2 /* CustomSplitView.m */; };
		52F07A82101A0A32009401D2 /* BandView.mm in Sources */ = {isa = PBXBuildFile; fileRef = 52F07A5E101A0A32009401D2 /* BandView.mm */; };
		52F07A83101A0A32009401D2 /* MessageView.m in Sources */ = {isa = PBXBuildFile; fileRef = 52F07A60101A0A32009401D2 /* MessageView.m */; };
		52F07A84101A0A32009401D2 /* EventShape.m in Sources */ = {isa = PBXBuildFile; fileRef = 52F07A63101A0A32009401D2 /* EventShape.m */; };
		52F07A85101A0A32009401D2 /* Message.m in Sources */ = {isa = PBXBuildFile; fileRef = 52F07A66101A0A32009401D2 /* Message.m */; };
		52F07A86101A0A32009401D2 /* Interval.m in Sources */ = {isa = PBXBuildFile; fileRef = 52F07A6A101A0A32009401D2 /* Interval.m */; };
		52F07A87101A0A32009401D2 /* Singleton.m in Sources */ = {isa = PBXBuildFile; fileRef = 52F07A6C101A0A32009401D2 /* Singleton.m */; };
		52F07A88101A0A32009401D2 /* State.m in Sources */ = {isa = PBXBuildFile; fileRef = 52F07A6E101A0A32009401D2 /* State.m */; };
		52F07A89101A0A32009401D2 /* Structures.c in Sources */ = {isa = PBXBuildFile; fileRef = 52F07A70101A0A32009401D2 /* Structures.c */; };
		52F07A8A101A0A32009401D2 /* TestCanvas.m in Sources */ = {isa = PBXBuildFile; fileRef = 52F07A74101A0A32009401D2 /* TestCanvas.m */; };
		52F07A8B101A0A32009401D2 /* TestLogFile.mm in Sources */ = {isa = PBXBuildFile; fileRef = 52F07A76101A0A32009401D2 /* TestLogFile.mm */; };
		52F07A8C101A0A32009401D2 /* Exceptions.m in Sources */ = {isa = PBXBuildFile; fileRef = 52F07A79101A0A32009401D2 /* Exceptions.m */; };
		52F07A8D101A0A32009401D2 /* Utils.m in Sources */ = {isa = PBXBuildFile; fileRef = 52F07A7B101A0A32009401D2 /* Utils.m */; };
		52F07ABE101A0ADB009401D2 /* AppController.mm in Sources */ = {isa = PBXBuildFile; fileRef = 52F07ABB101A0ADB009401D2 /* AppController.mm */; };
		52F07ABF101A0ADB009401D2 /* Navigator.m in Sources */ = {isa = PBXBuildFile; fileRef = 52F07ABD101A0ADB009401D2 /* Navigator.m */; };
		52F07ACD101A0BE8009401D2 /* LogDoc.xib in Resources */ = {isa = PBXBuildFile; fileRef = 52F07AC9101A0BE8009401D2 /* LogDoc.xib */; };
		52F07ACE101A0BE8009401D2 /* MainMenu.xib in Resources */ = {isa = PBXBuildFile; fileRef = 52F07ACB101A0BE8009401D2 /* MainMenu.xib */; };
		8D11072B0486CEB800E47090 /* InfoPlist.strings in Resources */ = {isa = PBXBuildFile; fileRef = 089C165CFE840E0CC02AAC07 /* InfoPlist.strings */; };
		8D11072D0486CEB800E47090 /* main.m in Sources */ = {isa = PBXBuildFile; fileRef = 29B97316FDCFA39411CA2CEA /* main.m */; settings = {ATTRIBUTES = (); }; };
		8D11072F0486CEB800E47090 /* Cocoa.framework in Frameworks */ = {isa = PBXBuildFile; fileRef = 1058C7A1FEA54F0111CA2CBB /* Cocoa.framework */; };
/* End PBXBuildFile section */

/* Begin PBXFileReference section */
		089C165DFE840E0CC02AAC07 /* English */ = {isa = PBXFileReference; fileEncoding = 10; lastKnownFileType = text.plist.strings; name = English; path = English.lproj/InfoPlist.strings; sourceTree = "<group>"; };
		1058C7A1FEA54F0111CA2CBB /* Cocoa.framework */ = {isa = PBXFileReference; lastKnownFileType = wrapper.framework; name = Cocoa.framework; path = /System/Library/Frameworks/Cocoa.framework; sourceTree = "<absolute>"; };
		13E42FB307B3F0F600E4EEF1 /* CoreData.framework */ = {isa = PBXFileReference; lastKnownFileType = wrapper.framework; name = CoreData.framework; path = /System/Library/Frameworks/CoreData.framework; sourceTree = "<absolute>"; };
		29B97316FDCFA39411CA2CEA /* main.m */ = {isa = PBXFileReference; fileEncoding = 4; lastKnownFileType = sourcecode.c.objc; path = main.m; sourceTree = "<group>"; };
		29B97324FDCFA39411CA2CEA /* AppKit.framework */ = {isa = PBXFileReference; lastKnownFileType = wrapper.framework; name = AppKit.framework; path = /System/Library/Frameworks/AppKit.framework; sourceTree = "<absolute>"; };
		29B97325FDCFA39411CA2CEA /* Foundation.framework */ = {isa = PBXFileReference; lastKnownFileType = wrapper.framework; name = Foundation.framework; path = /System/Library/Frameworks/Foundation.framework; sourceTree = "<absolute>"; };
		32CA4F630368D1EE00C91783 /* LogDrawer_Prefix.pch */ = {isa = PBXFileReference; fileEncoding = 4; lastKnownFileType = sourcecode.c.h; path = LogDrawer_Prefix.pch; sourceTree = "<group>"; };
<<<<<<< .mine
		526266521020DFBF005A7E88 /* Box.h */ = {isa = PBXFileReference; fileEncoding = 4; lastKnownFileType = sourcecode.c.h; path = Box.h; sourceTree = "<group>"; };
		526266531020DFBF005A7E88 /* Box.m */ = {isa = PBXFileReference; fileEncoding = 4; lastKnownFileType = sourcecode.c.objc; path = Box.m; sourceTree = "<group>"; };
		5262673A1021EE21005A7E88 /* SelectedEvent.h */ = {isa = PBXFileReference; fileEncoding = 4; lastKnownFileType = sourcecode.c.h; path = SelectedEvent.h; sourceTree = "<group>"; };
		5262673B1021EE21005A7E88 /* SelectedEvent.mm */ = {isa = PBXFileReference; fileEncoding = 4; lastKnownFileType = sourcecode.cpp.objcpp; path = SelectedEvent.mm; sourceTree = "<group>"; };
		52626812102220D5005A7E88 /* LogDoc.h */ = {isa = PBXFileReference; fileEncoding = 4; lastKnownFileType = sourcecode.c.h; path = LogDoc.h; sourceTree = "<group>"; };
		52626813102220D5005A7E88 /* LogDoc.m */ = {isa = PBXFileReference; fileEncoding = 4; lastKnownFileType = sourcecode.c.objc; path = LogDoc.m; sourceTree = "<group>"; };
		5262681D1022337C005A7E88 /* GroupFilter.h */ = {isa = PBXFileReference; fileEncoding = 4; lastKnownFileType = sourcecode.c.h; path = GroupFilter.h; sourceTree = "<group>"; };
		5262681E1022337C005A7E88 /* GroupFilter.m */ = {isa = PBXFileReference; fileEncoding = 4; lastKnownFileType = sourcecode.c.objc; path = GroupFilter.m; sourceTree = "<group>"; };
		526268F410225355005A7E88 /* DetailAccess.h */ = {isa = PBXFileReference; fileEncoding = 4; lastKnownFileType = sourcecode.c.h; path = DetailAccess.h; sourceTree = "<group>"; };
		526268F510233FAB005A7E88 /* VProcMaps.h */ = {isa = PBXFileReference; fileEncoding = 4; lastKnownFileType = sourcecode.c.h; path = VProcMaps.h; sourceTree = "<group>"; };
		526268F610233FAB005A7E88 /* VProcMaps.mm */ = {isa = PBXFileReference; fileEncoding = 4; lastKnownFileType = sourcecode.cpp.objcpp; path = VProcMaps.mm; sourceTree = "<group>"; };
=======
		52917ED0101E142E0053F9EF /* ObjCGroup.h */ = {isa = PBXFileReference; fileEncoding = 4; lastKnownFileType = sourcecode.c.h; path = ObjCGroup.h; sourceTree = "<group>"; };
		52917ED1101E142E0053F9EF /* ObjCGroup.mm */ = {isa = PBXFileReference; fileEncoding = 4; lastKnownFileType = sourcecode.cpp.objcpp; path = ObjCGroup.mm; sourceTree = "<group>"; };
		52917ED6101E147D0053F9EF /* ObjCEventGroup.h */ = {isa = PBXFileReference; fileEncoding = 4; lastKnownFileType = sourcecode.c.h; path = ObjCEventGroup.h; sourceTree = "<group>"; };
		52917ED7101E147D0053F9EF /* ObjCEventGroup.mm */ = {isa = PBXFileReference; fileEncoding = 4; lastKnownFileType = sourcecode.cpp.objcpp; path = ObjCEventGroup.mm; sourceTree = "<group>"; };
>>>>>>> .r4014
		52917EE5101E34330053F9EF /* OutlineViewDataSource.h */ = {isa = PBXFileReference; fileEncoding = 4; lastKnownFileType = sourcecode.c.h; path = OutlineViewDataSource.h; sourceTree = "<group>"; };
		52917EE6101E34330053F9EF /* OutlineViewDataSource.mm */ = {isa = PBXFileReference; fileEncoding = 4; lastKnownFileType = sourcecode.cpp.objcpp; path = OutlineViewDataSource.mm; sourceTree = "<group>"; };
		52DC843B101F8F33008ED77F /* ObjCStateGroup.h */ = {isa = PBXFileReference; fileEncoding = 4; lastKnownFileType = sourcecode.c.h; path = ObjCStateGroup.h; sourceTree = "<group>"; };
		52DC843C101F8F33008ED77F /* ObjCStateGroup.mm */ = {isa = PBXFileReference; fileEncoding = 4; lastKnownFileType = sourcecode.cpp.objcpp; path = ObjCStateGroup.mm; sourceTree = "<group>"; };
		52DC8441101F8F52008ED77F /* ObjCIntervalGroup.h */ = {isa = PBXFileReference; fileEncoding = 4; lastKnownFileType = sourcecode.c.h; path = ObjCIntervalGroup.h; sourceTree = "<group>"; };
		52DC8442101F8F52008ED77F /* ObjCIntervalGroup.mm */ = {isa = PBXFileReference; fileEncoding = 4; lastKnownFileType = sourcecode.cpp.objcpp; path = ObjCIntervalGroup.mm; sourceTree = "<group>"; };
		52DC847E101F906D008ED77F /* StaticEvent.h */ = {isa = PBXFileReference; fileEncoding = 4; lastKnownFileType = sourcecode.c.h; path = StaticEvent.h; sourceTree = "<group>"; };
		52DC847F101F906D008ED77F /* StaticEvent.mm */ = {isa = PBXFileReference; fileEncoding = 4; lastKnownFileType = sourcecode.cpp.objcpp; path = StaticEvent.mm; sourceTree = "<group>"; };
		52DC8560101FAF79008ED77F /* ObjCDependentGroup.h */ = {isa = PBXFileReference; fileEncoding = 4; lastKnownFileType = sourcecode.c.h; path = ObjCDependentGroup.h; sourceTree = "<group>"; };
		52DC8561101FAF79008ED77F /* ObjCDependentGroup.mm */ = {isa = PBXFileReference; fileEncoding = 4; lastKnownFileType = sourcecode.cpp.objcpp; path = ObjCDependentGroup.mm; sourceTree = "<group>"; };
		52E797BD1007C6790031A217 /* event-desc.cxx */ = {isa = PBXFileReference; fileEncoding = 4; lastKnownFileType = sourcecode.cpp.cpp; path = "event-desc.cxx"; sourceTree = "<group>"; };
		52E797BE1007C6790031A217 /* event-desc.hxx */ = {isa = PBXFileReference; fileEncoding = 4; lastKnownFileType = sourcecode.cpp.h; path = "event-desc.hxx"; sourceTree = "<group>"; };
		52E797F71007C6790031A217 /* json.c */ = {isa = PBXFileReference; fileEncoding = 4; lastKnownFileType = sourcecode.c.c; name = json.c; path = "../../log-common/json.c"; sourceTree = "<group>"; };
		52E797F81007C6790031A217 /* json.h */ = {isa = PBXFileReference; fileEncoding = 4; lastKnownFileType = sourcecode.c.h; name = json.h; path = "../../log-common/json.h"; sourceTree = "<group>"; };
		52E797F91007C6790031A217 /* JSON_parser.c */ = {isa = PBXFileReference; fileEncoding = 4; lastKnownFileType = sourcecode.c.c; name = JSON_parser.c; path = "../../log-common/JSON_parser.c"; sourceTree = "<group>"; };
		52E797FA1007C6790031A217 /* JSON_parser.h */ = {isa = PBXFileReference; fileEncoding = 4; lastKnownFileType = sourcecode.c.h; name = JSON_parser.h; path = "../../log-common/JSON_parser.h"; sourceTree = "<group>"; };
		52E797FB1007C6790031A217 /* JSON_parser.h.gch */ = {isa = PBXFileReference; lastKnownFileType = file; name = JSON_parser.h.gch; path = "../../log-common/JSON_parser.h.gch"; sourceTree = "<group>"; };
		52E7981D1007C6790031A217 /* load-log-desc.cxx */ = {isa = PBXFileReference; fileEncoding = 4; lastKnownFileType = sourcecode.cpp.cpp; name = "load-log-desc.cxx"; path = "../../log-common/load-log-desc.cxx"; sourceTree = "<group>"; };
		52E7981E1007C6790031A217 /* log-desc.cxx */ = {isa = PBXFileReference; fileEncoding = 4; lastKnownFileType = sourcecode.cpp.cpp; path = "log-desc.cxx"; sourceTree = "<group>"; };
		52E7981F1007C6790031A217 /* log-desc.hxx */ = {isa = PBXFileReference; fileEncoding = 4; lastKnownFileType = sourcecode.cpp.h; path = "log-desc.hxx"; sourceTree = "<group>"; };
		52E798EE1007D01E0031A217 /* log-file.h */ = {isa = PBXFileReference; fileEncoding = 4; lastKnownFileType = sourcecode.c.h; name = "log-file.h"; path = "../../../include/log-file.h"; sourceTree = SOURCE_ROOT; };
		52F07A4D101A0A32009401D2 /* Detail.h */ = {isa = PBXFileReference; fileEncoding = 4; lastKnownFileType = sourcecode.c.h; path = Detail.h; sourceTree = "<group>"; };
		52F07A51101A0A32009401D2 /* VProc.h */ = {isa = PBXFileReference; fileEncoding = 4; lastKnownFileType = sourcecode.c.h; path = VProc.h; sourceTree = "<group>"; };
		52F07A52101A0A32009401D2 /* VProc.mm */ = {isa = PBXFileReference; fileEncoding = 4; lastKnownFileType = sourcecode.cpp.objcpp; path = VProc.mm; sourceTree = "<group>"; };
		52F07A53101A0A32009401D2 /* LogData.h */ = {isa = PBXFileReference; fileEncoding = 4; lastKnownFileType = sourcecode.c.h; name = LogData.h; path = ../LogData.h; sourceTree = "<group>"; };
		52F07A54101A0A32009401D2 /* LogData.mm */ = {isa = PBXFileReference; fileEncoding = 4; lastKnownFileType = sourcecode.cpp.objcpp; name = LogData.mm; path = ../LogData.mm; sourceTree = "<group>"; };
		52F07A55101A0A32009401D2 /* LogView.h */ = {isa = PBXFileReference; fileEncoding = 4; lastKnownFileType = sourcecode.c.h; name = LogView.h; path = ../../LogView.h; sourceTree = "<group>"; };
		52F07A56101A0A32009401D2 /* LogView.mm */ = {isa = PBXFileReference; fileEncoding = 4; lastKnownFileType = sourcecode.cpp.objcpp; name = LogView.mm; path = ../../LogView.mm; sourceTree = "<group>"; };
		52F07A5A101A0A32009401D2 /* CustomSplitView.h */ = {isa = PBXFileReference; fileEncoding = 4; lastKnownFileType = sourcecode.c.h; path = CustomSplitView.h; sourceTree = "<group>"; };
		52F07A5B101A0A32009401D2 /* CustomSplitView.m */ = {isa = PBXFileReference; fileEncoding = 4; lastKnownFileType = sourcecode.c.objc; path = CustomSplitView.m; sourceTree = "<group>"; };
		52F07A5D101A0A32009401D2 /* BandView.h */ = {isa = PBXFileReference; fileEncoding = 4; lastKnownFileType = sourcecode.c.h; path = BandView.h; sourceTree = "<group>"; };
		52F07A5E101A0A32009401D2 /* BandView.mm */ = {isa = PBXFileReference; fileEncoding = 4; lastKnownFileType = sourcecode.cpp.objcpp; path = BandView.mm; sourceTree = "<group>"; };
		52F07A5F101A0A32009401D2 /* MessageView.h */ = {isa = PBXFileReference; fileEncoding = 4; lastKnownFileType = sourcecode.c.h; path = MessageView.h; sourceTree = "<group>"; };
		52F07A60101A0A32009401D2 /* MessageView.m */ = {isa = PBXFileReference; fileEncoding = 4; lastKnownFileType = sourcecode.c.objc; path = MessageView.m; sourceTree = "<group>"; };
		52F07A62101A0A32009401D2 /* EventShape.h */ = {isa = PBXFileReference; fileEncoding = 4; lastKnownFileType = sourcecode.c.h; path = EventShape.h; sourceTree = "<group>"; };
		52F07A63101A0A32009401D2 /* EventShape.m */ = {isa = PBXFileReference; fileEncoding = 4; lastKnownFileType = sourcecode.c.objc; path = EventShape.m; sourceTree = "<group>"; };
		52F07A65101A0A32009401D2 /* Message.h */ = {isa = PBXFileReference; fileEncoding = 4; lastKnownFileType = sourcecode.c.h; path = Message.h; sourceTree = "<group>"; };
		52F07A66101A0A32009401D2 /* Message.m */ = {isa = PBXFileReference; fileEncoding = 4; lastKnownFileType = sourcecode.c.objc; path = Message.m; sourceTree = "<group>"; };
		52F07A67101A0A32009401D2 /* ShapeRep.h */ = {isa = PBXFileReference; fileEncoding = 4; lastKnownFileType = sourcecode.c.h; path = ShapeRep.h; sourceTree = "<group>"; };
		52F07A69101A0A32009401D2 /* Interval.h */ = {isa = PBXFileReference; fileEncoding = 4; lastKnownFileType = sourcecode.c.h; path = Interval.h; sourceTree = "<group>"; };
		52F07A6A101A0A32009401D2 /* Interval.m */ = {isa = PBXFileReference; fileEncoding = 4; lastKnownFileType = sourcecode.c.objc; path = Interval.m; sourceTree = "<group>"; };
		52F07A6B101A0A32009401D2 /* Singleton.h */ = {isa = PBXFileReference; fileEncoding = 4; lastKnownFileType = sourcecode.c.h; path = Singleton.h; sourceTree = "<group>"; };
		52F07A6C101A0A32009401D2 /* Singleton.m */ = {isa = PBXFileReference; fileEncoding = 4; lastKnownFileType = sourcecode.c.objc; path = Singleton.m; sourceTree = "<group>"; };
		52F07A6D101A0A32009401D2 /* State.h */ = {isa = PBXFileReference; fileEncoding = 4; lastKnownFileType = sourcecode.c.h; path = State.h; sourceTree = "<group>"; };
		52F07A6E101A0A32009401D2 /* State.m */ = {isa = PBXFileReference; fileEncoding = 4; lastKnownFileType = sourcecode.c.objc; path = State.m; sourceTree = "<group>"; };
		52F07A70101A0A32009401D2 /* Structures.c */ = {isa = PBXFileReference; fileEncoding = 4; lastKnownFileType = sourcecode.c.c; path = Structures.c; sourceTree = "<group>"; };
		52F07A71101A0A32009401D2 /* Structures.h */ = {isa = PBXFileReference; fileEncoding = 4; lastKnownFileType = sourcecode.c.h; path = Structures.h; sourceTree = "<group>"; };
		52F07A73101A0A32009401D2 /* TestCanvas.h */ = {isa = PBXFileReference; fileEncoding = 4; lastKnownFileType = sourcecode.c.h; path = TestCanvas.h; sourceTree = "<group>"; };
		52F07A74101A0A32009401D2 /* TestCanvas.m */ = {isa = PBXFileReference; fileEncoding = 4; lastKnownFileType = sourcecode.c.objc; path = TestCanvas.m; sourceTree = "<group>"; };
		52F07A75101A0A32009401D2 /* TestLogFile.h */ = {isa = PBXFileReference; fileEncoding = 4; lastKnownFileType = sourcecode.c.h; path = TestLogFile.h; sourceTree = "<group>"; };
		52F07A76101A0A32009401D2 /* TestLogFile.mm */ = {isa = PBXFileReference; fileEncoding = 4; lastKnownFileType = sourcecode.cpp.objcpp; path = TestLogFile.mm; sourceTree = "<group>"; };
		52F07A78101A0A32009401D2 /* Exceptions.h */ = {isa = PBXFileReference; fileEncoding = 4; lastKnownFileType = sourcecode.c.h; path = Exceptions.h; sourceTree = "<group>"; };
		52F07A79101A0A32009401D2 /* Exceptions.m */ = {isa = PBXFileReference; fileEncoding = 4; lastKnownFileType = sourcecode.c.objc; path = Exceptions.m; sourceTree = "<group>"; };
		52F07A7A101A0A32009401D2 /* Utils.h */ = {isa = PBXFileReference; fileEncoding = 4; lastKnownFileType = sourcecode.c.h; path = Utils.h; sourceTree = "<group>"; };
		52F07A7B101A0A32009401D2 /* Utils.m */ = {isa = PBXFileReference; fileEncoding = 4; lastKnownFileType = sourcecode.c.objc; path = Utils.m; sourceTree = "<group>"; };
		52F07A94101A0A80009401D2 /* default-log-paths.h */ = {isa = PBXFileReference; fileEncoding = 4; lastKnownFileType = sourcecode.c.h; name = "default-log-paths.h"; path = "../../log-common/default-log-paths.h"; sourceTree = SOURCE_ROOT; };
		52F07ABA101A0ADB009401D2 /* AppController.h */ = {isa = PBXFileReference; fileEncoding = 4; lastKnownFileType = sourcecode.c.h; path = AppController.h; sourceTree = "<group>"; };
		52F07ABB101A0ADB009401D2 /* AppController.mm */ = {isa = PBXFileReference; fileEncoding = 4; lastKnownFileType = sourcecode.cpp.objcpp; path = AppController.mm; sourceTree = "<group>"; };
		52F07ABC101A0ADB009401D2 /* Navigator.h */ = {isa = PBXFileReference; fileEncoding = 4; lastKnownFileType = sourcecode.c.h; path = Navigator.h; sourceTree = "<group>"; };
		52F07ABD101A0ADB009401D2 /* Navigator.m */ = {isa = PBXFileReference; fileEncoding = 4; lastKnownFileType = sourcecode.c.objc; path = Navigator.m; sourceTree = "<group>"; };
		52F07ACA101A0BE8009401D2 /* English */ = {isa = PBXFileReference; lastKnownFileType = file.xib; name = English; path = English.lproj/LogDoc.xib; sourceTree = "<group>"; };
		52F07ACC101A0BE8009401D2 /* English */ = {isa = PBXFileReference; lastKnownFileType = file.xib; name = English; path = English.lproj/MainMenu.xib; sourceTree = "<group>"; };
		8D1107310486CEB800E47090 /* Info.plist */ = {isa = PBXFileReference; fileEncoding = 4; lastKnownFileType = text.plist.xml; path = Info.plist; sourceTree = "<group>"; };
		8D1107320486CEB800E47090 /* LogDrawer.app */ = {isa = PBXFileReference; explicitFileType = wrapper.application; includeInIndex = 0; path = LogDrawer.app; sourceTree = BUILT_PRODUCTS_DIR; };
/* End PBXFileReference section */

/* Begin PBXFrameworksBuildPhase section */
		8D11072E0486CEB800E47090 /* Frameworks */ = {
			isa = PBXFrameworksBuildPhase;
			buildActionMask = 2147483647;
			files = (
				8D11072F0486CEB800E47090 /* Cocoa.framework in Frameworks */,
			);
			runOnlyForDeploymentPostprocessing = 0;
		};
/* End PBXFrameworksBuildPhase section */

/* Begin PBXGroup section */
		1058C7A0FEA54F0111CA2CBB /* Linked Frameworks */ = {
			isa = PBXGroup;
			children = (
				1058C7A1FEA54F0111CA2CBB /* Cocoa.framework */,
			);
			name = "Linked Frameworks";
			sourceTree = "<group>";
		};
		1058C7A2FEA54F0111CA2CBB /* Other Frameworks */ = {
			isa = PBXGroup;
			children = (
				29B97324FDCFA39411CA2CEA /* AppKit.framework */,
				13E42FB307B3F0F600E4EEF1 /* CoreData.framework */,
				29B97325FDCFA39411CA2CEA /* Foundation.framework */,
			);
			name = "Other Frameworks";
			sourceTree = "<group>";
		};
		19C28FACFE9D520D11CA2CBB /* Products */ = {
			isa = PBXGroup;
			children = (
				8D1107320486CEB800E47090 /* LogDrawer.app */,
			);
			name = Products;
			sourceTree = "<group>";
		};
		29B97314FDCFA39411CA2CEA /* LogDrawer */ = {
			isa = PBXGroup;
			children = (
				52F07A48101A0A32009401D2 /* Classes */,
				29B97315FDCFA39411CA2CEA /* Other Sources */,
				29B97317FDCFA39411CA2CEA /* Resources */,
				29B97323FDCFA39411CA2CEA /* Frameworks */,
				19C28FACFE9D520D11CA2CBB /* Products */,
			);
			name = LogDrawer;
			sourceTree = "<group>";
		};
		29B97315FDCFA39411CA2CEA /* Other Sources */ = {
			isa = PBXGroup;
			children = (
				32CA4F630368D1EE00C91783 /* LogDrawer_Prefix.pch */,
				29B97316FDCFA39411CA2CEA /* main.m */,
			);
			name = "Other Sources";
			sourceTree = "<group>";
		};
		29B97317FDCFA39411CA2CEA /* Resources */ = {
			isa = PBXGroup;
			children = (
				52F07AC9101A0BE8009401D2 /* LogDoc.xib */,
				52F07ACB101A0BE8009401D2 /* MainMenu.xib */,
				8D1107310486CEB800E47090 /* Info.plist */,
				089C165CFE840E0CC02AAC07 /* InfoPlist.strings */,
			);
			name = Resources;
			sourceTree = "<group>";
		};
		29B97323FDCFA39411CA2CEA /* Frameworks */ = {
			isa = PBXGroup;
			children = (
				1058C7A0FEA54F0111CA2CBB /* Linked Frameworks */,
				1058C7A2FEA54F0111CA2CBB /* Other Frameworks */,
			);
			name = Frameworks;
			sourceTree = "<group>";
		};
		526267391021ECFC005A7E88 /* EventView */ = {
			isa = PBXGroup;
			children = (
				5262673A1021EE21005A7E88 /* SelectedEvent.h */,
				5262673B1021EE21005A7E88 /* SelectedEvent.mm */,
			);
			name = EventView;
			sourceTree = "<group>";
		};
		528038C410239622007362F9 /* Controllers */ = {
			isa = PBXGroup;
			children = (
<<<<<<< .mine
				52626812102220D5005A7E88 /* LogDoc.h */,
				52626813102220D5005A7E88 /* LogDoc.m */,
				52917EE4101E33C20053F9EF /* Filtering */,
=======
				52917ED0101E142E0053F9EF /* ObjCGroup.h */,
				52917ED1101E142E0053F9EF /* ObjCGroup.mm */,
				52917ED7101E147D0053F9EF /* ObjCEventGroup.mm */,
				52917ED6101E147D0053F9EF /* ObjCEventGroup.h */,
				52DC843B101F8F33008ED77F /* ObjCStateGroup.h */,
				52DC843C101F8F33008ED77F /* ObjCStateGroup.mm */,
				52DC8441101F8F52008ED77F /* ObjCIntervalGroup.h */,
				52DC8442101F8F52008ED77F /* ObjCIntervalGroup.mm */,
				52DC8560101FAF79008ED77F /* ObjCDependentGroup.h */,
				52DC8561101FAF79008ED77F /* ObjCDependentGroup.mm */,
>>>>>>> .r4014
			);
			name = Controllers;
			sourceTree = "<group>";
		};
		52917EE4101E33C20053F9EF /* Filtering */ = {
			isa = PBXGroup;
			children = (
				526266521020DFBF005A7E88 /* Box.h */,
				526266531020DFBF005A7E88 /* Box.m */,
				52917EE5101E34330053F9EF /* OutlineViewDataSource.h */,
				52917EE6101E34330053F9EF /* OutlineViewDataSource.mm */,
				5262681D1022337C005A7E88 /* GroupFilter.h */,
				5262681E1022337C005A7E88 /* GroupFilter.m */,
			);
			name = Filtering;
			path = Render;
			sourceTree = "<group>";
		};
		529EDA02100D31B500D8B8B1 /* JSON File Format */ = {
			isa = PBXGroup;
			children = (
				52E797F71007C6790031A217 /* json.c */,
				52E797F81007C6790031A217 /* json.h */,
				52E797F91007C6790031A217 /* JSON_parser.c */,
				52E797FA1007C6790031A217 /* JSON_parser.h */,
				52E797FB1007C6790031A217 /* JSON_parser.h.gch */,
			);
			name = "JSON File Format";
			sourceTree = "<group>";
		};
		52DC847D101F905E008ED77F /* ObjCEvents */ = {
			isa = PBXGroup;
			children = (
				52DC847E101F906D008ED77F /* StaticEvent.h */,
				52DC847F101F906D008ED77F /* StaticEvent.mm */,
			);
			name = ObjCEvents;
			sourceTree = "<group>";
		};
		52E7974D1007C6070031A217 /* Static */ = {
			isa = PBXGroup;
			children = (
				52F07A94101A0A80009401D2 /* default-log-paths.h */,
				52E798821007C6C90031A217 /* GroupDesc */,
				52E798811007C6A80031A217 /* EventDesc */,
				52E798831007C6F50031A217 /* File Formats */,
			);
			name = Static;
			path = ../..;
			sourceTree = "<group>";
		};
		52E798811007C6A80031A217 /* EventDesc */ = {
			isa = PBXGroup;
			children = (
				52E797BD1007C6790031A217 /* event-desc.cxx */,
				52E797BE1007C6790031A217 /* event-desc.hxx */,
			);
			name = EventDesc;
			path = "../../log-common";
			sourceTree = "<group>";
		};
		52E798821007C6C90031A217 /* GroupDesc */ = {
			isa = PBXGroup;
			children = (
<<<<<<< .mine
				52E7981E1007C6790031A217 /* log-desc.cxx */,
				52E7981F1007C6790031A217 /* log-desc.hxx */,
=======
				52DC847D101F905E008ED77F /* ObjCEvents */,
				52917EEA101E36200053F9EF /* Groups.h */,
				52917ECF101E141D0053F9EF /* ObjCGroups */,
				52917ECE101E14100053F9EF /* cppGroups */,
>>>>>>> .r4014
			);
			name = GroupDesc;
			path = "../../log-common";
			sourceTree = "<group>";
		};
		52E798831007C6F50031A217 /* File Formats */ = {
			isa = PBXGroup;
			children = (
				52F36F45100E2725001CCBD6 /* Log File Format */,
				529EDA02100D31B500D8B8B1 /* JSON File Format */,
			);
			name = "File Formats";
			sourceTree = "<group>";
		};
		52F07A48101A0A32009401D2 /* Classes */ = {
			isa = PBXGroup;
			children = (
				528038C410239622007362F9 /* Controllers */,
				52F07A49101A0A32009401D2 /* Models */,
				52F07A57101A0A32009401D2 /* Views */,
				52F07A72101A0A32009401D2 /* Tests */,
				52F07A77101A0A32009401D2 /* Utils */,
			);
			path = Classes;
			sourceTree = "<group>";
		};
		52F07A49101A0A32009401D2 /* Models */ = {
			isa = PBXGroup;
			children = (
				52F07A53101A0A32009401D2 /* LogData.h */,
				52F07A54101A0A32009401D2 /* LogData.mm */,
				52E7974D1007C6070031A217 /* Static */,
				52F07A4A101A0A32009401D2 /* Dynamic */,
			);
			name = Models;
			path = EventRep;
			sourceTree = "<group>";
		};
		52F07A4A101A0A32009401D2 /* Dynamic */ = {
			isa = PBXGroup;
			children = (
				52F07A4C101A0A32009401D2 /* Representations */,
			);
			path = Dynamic;
			sourceTree = "<group>";
		};
		52F07A4C101A0A32009401D2 /* Representations */ = {
			isa = PBXGroup;
			children = (
				52F07A4D101A0A32009401D2 /* Detail.h */,
				526268F410225355005A7E88 /* DetailAccess.h */,
				52F07A51101A0A32009401D2 /* VProc.h */,
				52F07A52101A0A32009401D2 /* VProc.mm */,
				526268F510233FAB005A7E88 /* VProcMaps.h */,
				526268F610233FAB005A7E88 /* VProcMaps.mm */,
			);
			path = Representations;
			sourceTree = "<group>";
		};
		52F07A57101A0A32009401D2 /* Views */ = {
			isa = PBXGroup;
			children = (
				52F07A58101A0A32009401D2 /* LogViewComponents */,
				52F07A61101A0A32009401D2 /* ShapeRep */,
			);
			name = Views;
			path = Render;
			sourceTree = "<group>";
		};
		52F07A58101A0A32009401D2 /* LogViewComponents */ = {
			isa = PBXGroup;
			children = (
				52F07A55101A0A32009401D2 /* LogView.h */,
				52F07A56101A0A32009401D2 /* LogView.mm */,
				526267391021ECFC005A7E88 /* EventView */,
				52F07A59101A0A32009401D2 /* Background */,
				52F07A5C101A0A32009401D2 /* Foreground */,
			);
			path = LogViewComponents;
			sourceTree = "<group>";
		};
		52F07A59101A0A32009401D2 /* Background */ = {
			isa = PBXGroup;
			children = (
				52F07A5A101A0A32009401D2 /* CustomSplitView.h */,
				52F07A5B101A0A32009401D2 /* CustomSplitView.m */,
			);
			path = Background;
			sourceTree = "<group>";
		};
		52F07A5C101A0A32009401D2 /* Foreground */ = {
			isa = PBXGroup;
			children = (
				52F07A5D101A0A32009401D2 /* BandView.h */,
				52F07A5E101A0A32009401D2 /* BandView.mm */,
				52F07A5F101A0A32009401D2 /* MessageView.h */,
				52F07A60101A0A32009401D2 /* MessageView.m */,
			);
			path = Foreground;
			sourceTree = "<group>";
		};
		52F07A61101A0A32009401D2 /* ShapeRep */ = {
			isa = PBXGroup;
			children = (
				52F07A67101A0A32009401D2 /* ShapeRep.h */,
				52F07A62101A0A32009401D2 /* EventShape.h */,
				52F07A63101A0A32009401D2 /* EventShape.m */,
				52F07A64101A0A32009401D2 /* MultiVProc */,
				52F07A68101A0A32009401D2 /* SingleVProc */,
				52F07A6F101A0A32009401D2 /* Utils */,
			);
			path = ShapeRep;
			sourceTree = "<group>";
		};
		52F07A64101A0A32009401D2 /* MultiVProc */ = {
			isa = PBXGroup;
			children = (
				52F07A65101A0A32009401D2 /* Message.h */,
				52F07A66101A0A32009401D2 /* Message.m */,
			);
			path = MultiVProc;
			sourceTree = "<group>";
		};
		52F07A68101A0A32009401D2 /* SingleVProc */ = {
			isa = PBXGroup;
			children = (
				52F07A69101A0A32009401D2 /* Interval.h */,
				52F07A6A101A0A32009401D2 /* Interval.m */,
				52F07A6B101A0A32009401D2 /* Singleton.h */,
				52F07A6C101A0A32009401D2 /* Singleton.m */,
				52F07A6D101A0A32009401D2 /* State.h */,
				52F07A6E101A0A32009401D2 /* State.m */,
			);
			path = SingleVProc;
			sourceTree = "<group>";
		};
		52F07A6F101A0A32009401D2 /* Utils */ = {
			isa = PBXGroup;
			children = (
				52F07A70101A0A32009401D2 /* Structures.c */,
				52F07A71101A0A32009401D2 /* Structures.h */,
			);
			path = Utils;
			sourceTree = "<group>";
		};
		52F07A72101A0A32009401D2 /* Tests */ = {
			isa = PBXGroup;
			children = (
				52F07ABA101A0ADB009401D2 /* AppController.h */,
				52F07ABB101A0ADB009401D2 /* AppController.mm */,
				52F07ABC101A0ADB009401D2 /* Navigator.h */,
				52F07ABD101A0ADB009401D2 /* Navigator.m */,
				52F07A73101A0A32009401D2 /* TestCanvas.h */,
				52F07A74101A0A32009401D2 /* TestCanvas.m */,
				52F07A75101A0A32009401D2 /* TestLogFile.h */,
				52F07A76101A0A32009401D2 /* TestLogFile.mm */,
			);
			name = Tests;
			path = Test;
			sourceTree = "<group>";
		};
		52F07A77101A0A32009401D2 /* Utils */ = {
			isa = PBXGroup;
			children = (
				52F07A78101A0A32009401D2 /* Exceptions.h */,
				52F07A79101A0A32009401D2 /* Exceptions.m */,
				52F07A7A101A0A32009401D2 /* Utils.h */,
				52F07A7B101A0A32009401D2 /* Utils.m */,
			);
			path = Utils;
			sourceTree = "<group>";
		};
		52F36F45100E2725001CCBD6 /* Log File Format */ = {
			isa = PBXGroup;
			children = (
				52E798EE1007D01E0031A217 /* log-file.h */,
				52E7981D1007C6790031A217 /* load-log-desc.cxx */,
			);
			name = "Log File Format";
			sourceTree = "<group>";
		};
/* End PBXGroup section */

/* Begin PBXNativeTarget section */
		8D1107260486CEB800E47090 /* LogDrawer */ = {
			isa = PBXNativeTarget;
			buildConfigurationList = C01FCF4A08A954540054247B /* Build configuration list for PBXNativeTarget "LogDrawer" */;
			buildPhases = (
				8D1107290486CEB800E47090 /* Resources */,
				8D11072C0486CEB800E47090 /* Sources */,
				8D11072E0486CEB800E47090 /* Frameworks */,
			);
			buildRules = (
			);
			dependencies = (
			);
			name = LogDrawer;
			productInstallPath = "$(HOME)/Applications";
			productName = LogDrawer;
			productReference = 8D1107320486CEB800E47090 /* LogDrawer.app */;
			productType = "com.apple.product-type.application";
		};
/* End PBXNativeTarget section */

/* Begin PBXProject section */
		29B97313FDCFA39411CA2CEA /* Project object */ = {
			isa = PBXProject;
			buildConfigurationList = C01FCF4E08A954540054247B /* Build configuration list for PBXProject "LogDrawer" */;
			compatibilityVersion = "Xcode 3.1";
			hasScannedForEncodings = 1;
			mainGroup = 29B97314FDCFA39411CA2CEA /* LogDrawer */;
			projectDirPath = "";
			projectRoot = "";
			targets = (
				8D1107260486CEB800E47090 /* LogDrawer */,
			);
		};
/* End PBXProject section */

/* Begin PBXResourcesBuildPhase section */
		8D1107290486CEB800E47090 /* Resources */ = {
			isa = PBXResourcesBuildPhase;
			buildActionMask = 2147483647;
			files = (
				8D11072B0486CEB800E47090 /* InfoPlist.strings in Resources */,
				52E7985E1007C6790031A217 /* JSON_parser.h.gch in Resources */,
				52F07ACD101A0BE8009401D2 /* LogDoc.xib in Resources */,
				52F07ACE101A0BE8009401D2 /* MainMenu.xib in Resources */,
			);
			runOnlyForDeploymentPostprocessing = 0;
		};
/* End PBXResourcesBuildPhase section */

/* Begin PBXSourcesBuildPhase section */
		8D11072C0486CEB800E47090 /* Sources */ = {
			isa = PBXSourcesBuildPhase;
			buildActionMask = 2147483647;
			files = (
				8D11072D0486CEB800E47090 /* main.m in Sources */,
				52E798241007C6790031A217 /* event-desc.cxx in Sources */,
				52E7985C1007C6790031A217 /* json.c in Sources */,
				52E7985D1007C6790031A217 /* JSON_parser.c in Sources */,
				52E7987F1007C6790031A217 /* load-log-desc.cxx in Sources */,
				52E798801007C6790031A217 /* log-desc.cxx in Sources */,
				52F07A7E101A0A32009401D2 /* VProc.mm in Sources */,
				52F07A7F101A0A32009401D2 /* LogData.mm in Sources */,
				52F07A80101A0A32009401D2 /* LogView.mm in Sources */,
				52F07A81101A0A32009401D2 /* CustomSplitView.m in Sources */,
				52F07A82101A0A32009401D2 /* BandView.mm in Sources */,
				52F07A83101A0A32009401D2 /* MessageView.m in Sources */,
				52F07A84101A0A32009401D2 /* EventShape.m in Sources */,
				52F07A85101A0A32009401D2 /* Message.m in Sources */,
				52F07A86101A0A32009401D2 /* Interval.m in Sources */,
				52F07A87101A0A32009401D2 /* Singleton.m in Sources */,
				52F07A88101A0A32009401D2 /* State.m in Sources */,
				52F07A89101A0A32009401D2 /* Structures.c in Sources */,
				52F07A8A101A0A32009401D2 /* TestCanvas.m in Sources */,
				52F07A8B101A0A32009401D2 /* TestLogFile.mm in Sources */,
				52F07A8C101A0A32009401D2 /* Exceptions.m in Sources */,
				52F07A8D101A0A32009401D2 /* Utils.m in Sources */,
				52F07ABE101A0ADB009401D2 /* AppController.mm in Sources */,
				52F07ABF101A0ADB009401D2 /* Navigator.m in Sources */,
<<<<<<< .mine
=======
				52917ED2101E142E0053F9EF /* ObjCGroup.mm in Sources */,
				52917ED8101E147D0053F9EF /* ObjCEventGroup.mm in Sources */,
>>>>>>> .r4014
				52917EE7101E34330053F9EF /* OutlineViewDataSource.mm in Sources */,
<<<<<<< .mine
				526266541020DFBF005A7E88 /* Box.m in Sources */,
				5262673C1021EE21005A7E88 /* SelectedEvent.mm in Sources */,
				52626814102220D5005A7E88 /* LogDoc.m in Sources */,
				5262681F1022337C005A7E88 /* GroupFilter.m in Sources */,
				526268F710233FAB005A7E88 /* VProcMaps.mm in Sources */,
=======
				52DC843D101F8F33008ED77F /* ObjCStateGroup.mm in Sources */,
				52DC8443101F8F52008ED77F /* ObjCIntervalGroup.mm in Sources */,
				52DC8480101F906D008ED77F /* StaticEvent.mm in Sources */,
				52DC8562101FAF79008ED77F /* ObjCDependentGroup.mm in Sources */,
>>>>>>> .r4014
			);
			runOnlyForDeploymentPostprocessing = 0;
		};
/* End PBXSourcesBuildPhase section */

/* Begin PBXVariantGroup section */
		089C165CFE840E0CC02AAC07 /* InfoPlist.strings */ = {
			isa = PBXVariantGroup;
			children = (
				089C165DFE840E0CC02AAC07 /* English */,
			);
			name = InfoPlist.strings;
			sourceTree = "<group>";
		};
		52F07AC9101A0BE8009401D2 /* LogDoc.xib */ = {
			isa = PBXVariantGroup;
			children = (
				52F07ACA101A0BE8009401D2 /* English */,
			);
			name = LogDoc.xib;
			sourceTree = "<group>";
		};
		52F07ACB101A0BE8009401D2 /* MainMenu.xib */ = {
			isa = PBXVariantGroup;
			children = (
				52F07ACC101A0BE8009401D2 /* English */,
			);
			name = MainMenu.xib;
			sourceTree = "<group>";
		};
/* End PBXVariantGroup section */

/* Begin XCBuildConfiguration section */
		C01FCF4B08A954540054247B /* Debug */ = {
			isa = XCBuildConfiguration;
			buildSettings = {
				ALWAYS_SEARCH_USER_PATHS = NO;
				COPY_PHASE_STRIP = NO;
				GCC_DYNAMIC_NO_PIC = NO;
				GCC_ENABLE_FIX_AND_CONTINUE = YES;
				GCC_MODEL_TUNING = G5;
				GCC_OPTIMIZATION_LEVEL = 0;
				GCC_PRECOMPILE_PREFIX_HEADER = YES;
				GCC_PREFIX_HEADER = LogDrawer_Prefix.pch;
				INFOPLIST_FILE = Info.plist;
				INSTALL_PATH = "$(HOME)/Applications";
				PRODUCT_NAME = LogDrawer;
			};
			name = Debug;
		};
		C01FCF4C08A954540054247B /* Release */ = {
			isa = XCBuildConfiguration;
			buildSettings = {
				ALWAYS_SEARCH_USER_PATHS = NO;
				DEBUG_INFORMATION_FORMAT = "dwarf-with-dsym";
				GCC_MODEL_TUNING = G5;
				GCC_PRECOMPILE_PREFIX_HEADER = YES;
				GCC_PREFIX_HEADER = LogDrawer_Prefix.pch;
				INFOPLIST_FILE = Info.plist;
				INSTALL_PATH = "$(HOME)/Applications";
				PRODUCT_NAME = LogDrawer;
			};
			name = Release;
		};
		C01FCF4F08A954540054247B /* Debug */ = {
			isa = XCBuildConfiguration;
			buildSettings = {
				ARCHS = "$(ARCHS_STANDARD_32_BIT)";
				GCC_C_LANGUAGE_STANDARD = c99;
				GCC_OPTIMIZATION_LEVEL = 0;
				GCC_WARN_ABOUT_RETURN_TYPE = YES;
				GCC_WARN_UNUSED_VARIABLE = YES;
				ONLY_ACTIVE_ARCH = YES;
				PREBINDING = NO;
				SDKROOT = macosx10.5;
			};
			name = Debug;
		};
		C01FCF5008A954540054247B /* Release */ = {
			isa = XCBuildConfiguration;
			buildSettings = {
				ARCHS = "$(ARCHS_STANDARD_32_BIT)";
				GCC_C_LANGUAGE_STANDARD = c99;
				GCC_WARN_ABOUT_RETURN_TYPE = YES;
				GCC_WARN_UNUSED_VARIABLE = YES;
				PREBINDING = NO;
				SDKROOT = macosx10.5;
			};
			name = Release;
		};
/* End XCBuildConfiguration section */

/* Begin XCConfigurationList section */
		C01FCF4A08A954540054247B /* Build configuration list for PBXNativeTarget "LogDrawer" */ = {
			isa = XCConfigurationList;
			buildConfigurations = (
				C01FCF4B08A954540054247B /* Debug */,
				C01FCF4C08A954540054247B /* Release */,
			);
			defaultConfigurationIsVisible = 0;
			defaultConfigurationName = Release;
		};
		C01FCF4E08A954540054247B /* Build configuration list for PBXProject "LogDrawer" */ = {
			isa = XCConfigurationList;
			buildConfigurations = (
				C01FCF4F08A954540054247B /* Debug */,
				C01FCF5008A954540054247B /* Release */,
			);
			defaultConfigurationIsVisible = 0;
			defaultConfigurationName = Release;
		};
/* End XCConfigurationList section */
	};
	rootObject = 29B97313FDCFA39411CA2CEA /* Project object */;
}
